
Microsoft Visual Studio Solution File, Format Version 12.00
# Visual Studio Version 17
VisualStudioVersion = 17.0.31903.59
MinimumVisualStudioVersion = 10.0.40219.1
Project("{FAE04EC0-301F-11D3-BF4B-00C04F79EFBC}") = "API", "API\API.csproj", "{9708A3B1-BEF3-4BF9-8AE3-6B2E8BB37754}"
EndProject
Project("{FAE04EC0-301F-11D3-BF4B-00C04F79EFBC}") = "Core", "Core\Core.csproj", "{4C5BFE62-02A1-484A-8596-3A9B7CF1F542}"
EndProject
Project("{FAE04EC0-301F-11D3-BF4B-00C04F79EFBC}") = "Infrastructure", "Infrastructure\Infrastructure.csproj", "{2D68435D-1FC7-4889-996C-AA431FAF0945}"
EndProject
Global
	GlobalSection(SolutionConfigurationPlatforms) = preSolution
		Debug|Any CPU = Debug|Any CPU
		Release|Any CPU = Release|Any CPU
	EndGlobalSection
	GlobalSection(SolutionProperties) = preSolution
		HideSolutionNode = FALSE
	EndGlobalSection
	GlobalSection(ProjectConfigurationPlatforms) = postSolution
		{9708A3B1-BEF3-4BF9-8AE3-6B2E8BB37754}.Debug|Any CPU.ActiveCfg = Debug|Any CPU
		{9708A3B1-BEF3-4BF9-8AE3-6B2E8BB37754}.Debug|Any CPU.Build.0 = Debug|Any CPU
		{9708A3B1-BEF3-4BF9-8AE3-6B2E8BB37754}.Release|Any CPU.ActiveCfg = Release|Any CPU
		{9708A3B1-BEF3-4BF9-8AE3-6B2E8BB37754}.Release|Any CPU.Build.0 = Release|Any CPU
		{4C5BFE62-02A1-484A-8596-3A9B7CF1F542}.Debug|Any CPU.ActiveCfg = Debug|Any CPU
		{4C5BFE62-02A1-484A-8596-3A9B7CF1F542}.Debug|Any CPU.Build.0 = Debug|Any CPU
		{4C5BFE62-02A1-484A-8596-3A9B7CF1F542}.Release|Any CPU.ActiveCfg = Release|Any CPU
		{4C5BFE62-02A1-484A-8596-3A9B7CF1F542}.Release|Any CPU.Build.0 = Release|Any CPU
		{2D68435D-1FC7-4889-996C-AA431FAF0945}.Debug|Any CPU.ActiveCfg = Debug|Any CPU
		{2D68435D-1FC7-4889-996C-AA431FAF0945}.Debug|Any CPU.Build.0 = Debug|Any CPU
		{2D68435D-1FC7-4889-996C-AA431FAF0945}.Release|Any CPU.ActiveCfg = Release|Any CPU
		{2D68435D-1FC7-4889-996C-AA431FAF0945}.Release|Any CPU.Build.0 = Release|Any CPU
	EndGlobalSection
EndGlobal
